
Microsoft Visual Studio Solution File, Format Version 12.00
# Visual Studio Version 16
VisualStudioVersion = 16.0.30804.86
MinimumVisualStudioVersion = 10.0.40219.1
Project("{FAE04EC0-301F-11D3-BF4B-00C04F79EFBC}") = "Pasword Secure(finished)", "Pasword Secure(finished)\Pasword Secure(finished).csproj", "{BEE65EC2-3272-48FC-A0A2-B57C0AED70AE}"
EndProject
Global
	GlobalSection(SolutionConfigurationPlatforms) = preSolution
		Debug|Any CPU = Debug|Any CPU
		Release|Any CPU = Release|Any CPU
	EndGlobalSection
	GlobalSection(ProjectConfigurationPlatforms) = postSolution
		{BEE65EC2-3272-48FC-A0A2-B57C0AED70AE}.Debug|Any CPU.ActiveCfg = Debug|Any CPU
		{BEE65EC2-3272-48FC-A0A2-B57C0AED70AE}.Debug|Any CPU.Build.0 = Debug|Any CPU
		{BEE65EC2-3272-48FC-A0A2-B57C0AED70AE}.Release|Any CPU.ActiveCfg = Release|Any CPU
		{BEE65EC2-3272-48FC-A0A2-B57C0AED70AE}.Release|Any CPU.Build.0 = Release|Any CPU
	EndGlobalSection
	GlobalSection(SolutionProperties) = preSolution
		HideSolutionNode = FALSE
	EndGlobalSection
	GlobalSection(ExtensibilityGlobals) = postSolution
		SolutionGuid = {94C467B6-13E3-4B79-A785-E74F5F365005}
	EndGlobalSection
EndGlobal
